{
  "version": 4,
  "terraform_version": "1.7.4",
  "serial": 865,
  "lineage": "dcc71d7e-0ddc-638a-68c0-cafb9aa0119c",
  "outputs": {},
  "resources": [
    {
      "module": "module.networking",
      "mode": "data",
      "type": "aws_availability_zones",
      "name": "available",
      "provider": "provider[\"registry.terraform.io/hashicorp/aws\"]",
      "instances": [
        {
          "schema_version": 0,
          "attributes": {
            "all_availability_zones": null,
            "exclude_names": null,
            "exclude_zone_ids": null,
            "filter": null,
            "group_names": [
              "eu-west-2"
            ],
            "id": "eu-west-2",
            "names": [
              "eu-west-2a",
              "eu-west-2b",
              "eu-west-2c"
            ],
            "state": null,
            "timeouts": null,
            "zone_ids": [
              "euw2-az2",
              "euw2-az3",
              "euw2-az1"
            ]
          },
          "sensitive_attributes": []
        }
      ]
    },
    {
      "module": "module.networking.module.vpc",
      "mode": "managed",
      "type": "aws_internet_gateway",
      "name": "this",
      "provider": "provider[\"registry.terraform.io/hashicorp/aws\"]",
      "instances": [
        {
          "index_key": 0,
          "schema_version": 0,
          "attributes": {
            "arn": "arn:aws:ec2:eu-west-2:590184132124:internet-gateway/igw-06bfe04918f02051a",
            "id": "igw-06bfe04918f02051a",
            "owner_id": "590184132124",
            "tags": {
              "Name": "ce-eks-vpc"
            },
            "tags_all": {
              "Name": "ce-eks-vpc"
            },
            "timeouts": null,
            "vpc_id": "vpc-043f7986307a7d7fa"
          },
          "sensitive_attributes": [],
          "private": "eyJlMmJmYjczMC1lY2FhLTExZTYtOGY4OC0zNDM2M2JjN2M0YzAiOnsiY3JlYXRlIjoxMjAwMDAwMDAwMDAwLCJkZWxldGUiOjEyMDAwMDAwMDAwMDAsInVwZGF0ZSI6MTIwMDAwMDAwMDAwMH19",
          "dependencies": [
            "module.networking.module.vpc.aws_vpc.this",
            "module.networking.module.vpc.aws_vpc_ipv4_cidr_block_association.this"
          ]
        }
      ]
    },
    {
      "module": "module.networking.module.vpc",
      "mode": "managed",
      "type": "aws_subnet",
      "name": "public",
      "provider": "provider[\"registry.terraform.io/hashicorp/aws\"]",
      "instances": [
        {
          "index_key": 0,
          "schema_version": 1,
          "attributes": {
            "arn": "arn:aws:ec2:eu-west-2:590184132124:subnet/subnet-02c842b98b7c23204",
            "assign_ipv6_address_on_creation": false,
            "availability_zone": "eu-west-2a",
            "availability_zone_id": "euw2-az2",
            "cidr_block": "10.0.10.0/24",
            "customer_owned_ipv4_pool": "",
            "enable_dns64": false,
            "enable_lni_at_device_index": 0,
            "enable_resource_name_dns_a_record_on_launch": false,
            "enable_resource_name_dns_aaaa_record_on_launch": false,
            "id": "subnet-02c842b98b7c23204",
            "ipv6_cidr_block": "",
            "ipv6_cidr_block_association_id": "",
            "ipv6_native": false,
            "map_customer_owned_ip_on_launch": false,
            "map_public_ip_on_launch": false,
            "outpost_arn": "",
            "owner_id": "590184132124",
            "private_dns_hostname_type_on_launch": "ip-name",
            "tags": {
              "Name": "ce-eks-vpc-public-eu-west-2a",
              "kubernetes.io/cluster/ce-cluster": "shared",
              "kubernetes.io/role/elb": "1"
            },
            "tags_all": {
              "Name": "ce-eks-vpc-public-eu-west-2a",
              "kubernetes.io/cluster/ce-cluster": "shared",
              "kubernetes.io/role/elb": "1"
            },
            "timeouts": null,
            "vpc_id": "vpc-043f7986307a7d7fa"
          },
          "sensitive_attributes": [],
          "private": "eyJlMmJmYjczMC1lY2FhLTExZTYtOGY4OC0zNDM2M2JjN2M0YzAiOnsiY3JlYXRlIjo2MDAwMDAwMDAwMDAsImRlbGV0ZSI6MTIwMDAwMDAwMDAwMH0sInNjaGVtYV92ZXJzaW9uIjoiMSJ9",
          "dependencies": [
            "module.networking.data.aws_availability_zones.available",
            "module.networking.module.vpc.aws_vpc.this",
            "module.networking.module.vpc.aws_vpc_ipv4_cidr_block_association.this"
          ]
        },
        {
          "index_key": 2,
          "schema_version": 1,
          "attributes": {
            "arn": "arn:aws:ec2:eu-west-2:590184132124:subnet/subnet-00f6b73df22c6d812",
            "assign_ipv6_address_on_creation": false,
            "availability_zone": "eu-west-2c",
            "availability_zone_id": "euw2-az1",
            "cidr_block": "10.0.30.0/24",
            "customer_owned_ipv4_pool": "",
            "enable_dns64": false,
            "enable_lni_at_device_index": 0,
            "enable_resource_name_dns_a_record_on_launch": false,
            "enable_resource_name_dns_aaaa_record_on_launch": false,
            "id": "subnet-00f6b73df22c6d812",
            "ipv6_cidr_block": "",
            "ipv6_cidr_block_association_id": "",
            "ipv6_native": false,
            "map_customer_owned_ip_on_launch": false,
            "map_public_ip_on_launch": false,
            "outpost_arn": "",
            "owner_id": "590184132124",
            "private_dns_hostname_type_on_launch": "ip-name",
            "tags": {
              "Name": "ce-eks-vpc-public-eu-west-2c",
              "kubernetes.io/cluster/ce-cluster": "shared",
              "kubernetes.io/role/elb": "1"
            },
            "tags_all": {
              "Name": "ce-eks-vpc-public-eu-west-2c",
              "kubernetes.io/cluster/ce-cluster": "shared",
              "kubernetes.io/role/elb": "1"
            },
            "timeouts": null,
            "vpc_id": "vpc-043f7986307a7d7fa"
          },
          "sensitive_attributes": [],
          "private": "eyJlMmJmYjczMC1lY2FhLTExZTYtOGY4OC0zNDM2M2JjN2M0YzAiOnsiY3JlYXRlIjo2MDAwMDAwMDAwMDAsImRlbGV0ZSI6MTIwMDAwMDAwMDAwMH0sInNjaGVtYV92ZXJzaW9uIjoiMSJ9",
          "dependencies": [
            "module.networking.data.aws_availability_zones.available",
            "module.networking.module.vpc.aws_vpc.this",
            "module.networking.module.vpc.aws_vpc_ipv4_cidr_block_association.this"
          ]
        }
      ]
    },
    {
      "module": "module.networking.module.vpc",
      "mode": "managed",
      "type": "aws_vpc",
      "name": "this",
      "provider": "provider[\"registry.terraform.io/hashicorp/aws\"]",
      "instances": [
        {
          "index_key": 0,
          "schema_version": 1,
          "attributes": {
            "arn": "arn:aws:ec2:eu-west-2:590184132124:vpc/vpc-043f7986307a7d7fa",
            "assign_generated_ipv6_cidr_block": false,
            "cidr_block": "10.0.0.0/16",
            "default_network_acl_id": "acl-056adf92b0b8bb915",
            "default_route_table_id": "rtb-0a35ed88fb915b593",
            "default_security_group_id": "sg-02dd8e4bbb574b3a7",
            "dhcp_options_id": "dopt-040deb834eba9dd28",
            "enable_dns_hostnames": true,
            "enable_dns_support": true,
            "enable_network_address_usage_metrics": false,
            "id": "vpc-043f7986307a7d7fa",
            "instance_tenancy": "default",
            "ipv4_ipam_pool_id": null,
            "ipv4_netmask_length": null,
            "ipv6_association_id": "",
            "ipv6_cidr_block": "",
            "ipv6_cidr_block_network_border_group": "",
            "ipv6_ipam_pool_id": "",
            "ipv6_netmask_length": 0,
            "main_route_table_id": "rtb-0a35ed88fb915b593",
            "owner_id": "590184132124",
            "tags": {
              "Name": "ce-eks-vpc"
            },
            "tags_all": {
              "Name": "ce-eks-vpc"
            }
          },
          "sensitive_attributes": [],
          "private": "eyJzY2hlbWFfdmVyc2lvbiI6IjEifQ==",
          "create_before_destroy": true
        }
      ]
    }
  ],
  "check_results": null
}
