{
  "version": 4,
  "terraform_version": "1.7.4",
  "serial": 17,
  "lineage": "c486e1cd-8db7-b19a-0e23-a46e9f42e7f2",
  "outputs": {},
  "resources": [
    {
      "mode": "managed",
      "type": "aws_iam_group",
      "name": "eks_developers",
      "provider": "provider[\"registry.terraform.io/hashicorp/aws\"]",
      "instances": [
        {
          "schema_version": 0,
          "attributes": {
            "arn": "arn:aws:iam::590184132124:group/EKSDevelopers",
            "id": "EKSDevelopers",
            "name": "EKSDevelopers",
            "path": "/",
            "unique_id": "AGPAYS2NXFYON26BWHJBZ"
          },
          "sensitive_attributes": [],
          "private": "bnVsbA=="
        }
      ]
    },
    {
      "mode": "managed",
      "type": "aws_iam_group_membership",
      "name": "team_membership",
      "provider": "provider[\"registry.terraform.io/hashicorp/aws\"]",
      "instances": [
        {
          "schema_version": 0,
          "attributes": {
            "group": "EKSDevelopers",
            "id": "team-membership",
            "name": "team-membership",
            "users": [
              "alex",
              "ayub",
              "rik",
              "sahr"
            ]
          },
          "sensitive_attributes": [],
          "private": "bnVsbA==",
          "dependencies": [
            "aws_iam_group.eks_developers",
            "aws_iam_user.team_user"
          ]
        }
      ]
    },
    {
      "mode": "managed",
      "type": "aws_iam_group_policy_attachment",
      "name": "eks_access_attachment",
      "provider": "provider[\"registry.terraform.io/hashicorp/aws\"]",
      "instances": [
        {
          "schema_version": 0,
          "attributes": {
            "group": "EKSDevelopers",
            "id": "EKSDevelopers-20240326154757479500000001",
            "policy_arn": "arn:aws:iam::590184132124:policy/EKSAccessPolicy"
          },
          "sensitive_attributes": [],
          "private": "bnVsbA==",
          "dependencies": [
            "aws_iam_group.eks_developers",
            "aws_iam_policy.eks_access"
          ]
        }
      ]
    },
    {
      "mode": "managed",
      "type": "aws_iam_policy",
      "name": "eks_access",
      "provider": "provider[\"registry.terraform.io/hashicorp/aws\"]",
      "instances": [
        {
          "schema_version": 0,
          "attributes": {
            "arn": "arn:aws:iam::590184132124:policy/EKSAccessPolicy",
            "description": "Policy to allow access to EKS cluster",
            "id": "arn:aws:iam::590184132124:policy/EKSAccessPolicy",
            "name": "EKSAccessPolicy",
            "name_prefix": "",
            "path": "/",
            "policy": "{\"Statement\":[{\"Action\":[\"eks:DescribeCluster\",\"eks:ListClusters\",\"eks:ListNodegroups\",\"eks:ListFargateProfiles\",\"eks:AccessKubernetesApi\"],\"Effect\":\"Allow\",\"Resource\":\"*\"}],\"Version\":\"2012-10-17\"}",
            "policy_id": "ANPAYS2NXFYOIR3RNR4MV",
            "tags": {},
            "tags_all": {}
          },
          "sensitive_attributes": [],
          "private": "bnVsbA=="
        }
      ]
    },
    {
      "mode": "managed",
      "type": "aws_iam_user",
      "name": "team_user",
      "provider": "provider[\"registry.terraform.io/hashicorp/aws\"]",
      "instances": [
        {
          "index_key": "alex",
          "schema_version": 0,
          "attributes": {
            "arn": "arn:aws:iam::590184132124:user/alex",
            "force_destroy": false,
            "id": "alex",
            "name": "alex",
            "path": "/",
            "permissions_boundary": null,
            "tags": {},
            "tags_all": {},
            "unique_id": "AIDAYS2NXFYOHR4TOKHL4"
          },
          "sensitive_attributes": [],
          "private": "bnVsbA=="
        },
        {
          "index_key": "ayub",
          "schema_version": 0,
          "attributes": {
            "arn": "arn:aws:iam::590184132124:user/ayub",
            "force_destroy": false,
            "id": "ayub",
            "name": "ayub",
            "path": "/",
            "permissions_boundary": null,
            "tags": {},
            "tags_all": {},
            "unique_id": "AIDAYS2NXFYOB5MDFHLJP"
          },
          "sensitive_attributes": [],
          "private": "bnVsbA=="
        },
        {
          "index_key": "rik",
          "schema_version": 0,
          "attributes": {
            "arn": "arn:aws:iam::590184132124:user/rik",
            "force_destroy": false,
            "id": "rik",
            "name": "rik",
            "path": "/",
            "permissions_boundary": null,
            "tags": {},
            "tags_all": {},
            "unique_id": "AIDAYS2NXFYOADUEDWLHW"
          },
          "sensitive_attributes": [],
          "private": "bnVsbA=="
        },
        {
          "index_key": "sahr",
          "schema_version": 0,
          "attributes": {
            "arn": "arn:aws:iam::590184132124:user/sahr",
            "force_destroy": false,
            "id": "sahr",
            "name": "sahr",
            "path": "/",
            "permissions_boundary": null,
            "tags": {},
            "tags_all": {},
            "unique_id": "AIDAYS2NXFYODDH3Z3JU2"
          },
          "sensitive_attributes": [],
          "private": "bnVsbA=="
        }
      ]
    },
    {
      "module": "module.eks_iam_roles",
      "mode": "data",
      "type": "aws_caller_identity",
      "name": "current",
      "provider": "provider[\"registry.terraform.io/hashicorp/aws\"]",
      "instances": [
        {
          "schema_version": 0,
          "attributes": {
            "account_id": "590184132124",
            "arn": "arn:aws:sts::590184132124:assumed-role/AWSReservedSSO_AWSAdministratorAccess_b3fc801007540bf5/sahr.malik.ce-202401@northcoders.net",
            "id": "590184132124",
            "user_id": "AROAYS2NXFYOOJRSNARTX:sahr.malik.ce-202401@northcoders.net"
          },
          "sensitive_attributes": []
        }
      ]
    },
    {
      "module": "module.eks_iam_roles",
      "mode": "data",
      "type": "aws_iam_policy_document",
      "name": "assume_role_with_oidc",
      "provider": "provider[\"registry.terraform.io/hashicorp/aws\"]",
      "instances": [
        {
          "index_key": 0,
          "schema_version": 0,
          "attributes": {
            "id": "96422510",
            "json": "{\n  \"Version\": \"2012-10-17\",\n  \"Statement\": [\n    {\n      \"Effect\": \"Allow\",\n      \"Action\": \"sts:AssumeRoleWithWebIdentity\",\n      \"Principal\": {\n        \"Federated\": \"arn:aws:iam::590184132124:oidc-provider/oidc.eks.eu-west-2.amazonaws.com/id/730FAAAE1D1078C1C545D8EEA499053F\"\n      },\n      \"Condition\": {\n        \"StringEquals\": {\n          \"oidc.eks.eu-west-2.amazonaws.com/id/730FAAAE1D1078C1C545D8EEA499053F:sub\": \"system:serviceaccount:default:team4\"\n        }\n      }\n    }\n  ]\n}",
            "override_policy_documents": null,
            "policy_id": null,
            "source_policy_documents": null,
            "statement": [
              {
                "actions": [
                  "sts:AssumeRoleWithWebIdentity"
                ],
                "condition": [
                  {
                    "test": "StringEquals",
                    "values": [
                      "system:serviceaccount:default:team4"
                    ],
                    "variable": "oidc.eks.eu-west-2.amazonaws.com/id/730FAAAE1D1078C1C545D8EEA499053F:sub"
                  }
                ],
                "effect": "Allow",
                "not_actions": [],
                "not_principals": [],
                "not_resources": [],
                "principals": [
                  {
                    "identifiers": [
                      "arn:aws:iam::590184132124:oidc-provider/oidc.eks.eu-west-2.amazonaws.com/id/730FAAAE1D1078C1C545D8EEA499053F"
                    ],
                    "type": "Federated"
                  }
                ],
                "resources": [],
                "sid": ""
              }
            ],
            "version": "2012-10-17"
          },
          "sensitive_attributes": []
        }
      ]
    },
    {
      "module": "module.eks_iam_roles",
      "mode": "data",
      "type": "aws_partition",
      "name": "current",
      "provider": "provider[\"registry.terraform.io/hashicorp/aws\"]",
      "instances": [
        {
          "schema_version": 0,
          "attributes": {
            "dns_suffix": "amazonaws.com",
            "id": "aws",
            "partition": "aws",
            "reverse_dns_prefix": "com.amazonaws"
          },
          "sensitive_attributes": []
        }
      ]
    },
    {
      "module": "module.eks_iam_roles",
      "mode": "managed",
      "type": "aws_iam_role",
      "name": "this",
      "provider": "provider[\"registry.terraform.io/hashicorp/aws\"]",
      "instances": [
        {
          "index_key": 0,
          "schema_version": 0,
          "attributes": {
            "arn": "arn:aws:iam::590184132124:role/EKS-Team-Role",
            "assume_role_policy": "{\"Statement\":[{\"Action\":\"sts:AssumeRoleWithWebIdentity\",\"Condition\":{\"StringEquals\":{\"oidc.eks.eu-west-2.amazonaws.com/id/730FAAAE1D1078C1C545D8EEA499053F:sub\":\"system:serviceaccount:default:team4\"}},\"Effect\":\"Allow\",\"Principal\":{\"Federated\":\"arn:aws:iam::590184132124:oidc-provider/oidc.eks.eu-west-2.amazonaws.com/id/730FAAAE1D1078C1C545D8EEA499053F\"}}],\"Version\":\"2012-10-17\"}",
            "create_date": "2024-03-26T15:47:56Z",
            "description": "",
            "force_detach_policies": false,
            "id": "EKS-Team-Role",
            "inline_policy": [],
            "managed_policy_arns": [
              "arn:aws:iam::aws:policy/AmazonEKSClusterPolicy",
              "arn:aws:iam::aws:policy/AmazonEKSServicePolicy"
            ],
            "max_session_duration": 3600,
            "name": "EKS-Team-Role",
            "name_prefix": "",
            "path": "/",
            "permissions_boundary": "",
            "role_last_used": [
              {
                "last_used_date": "",
                "region": ""
              }
            ],
            "tags": {},
            "tags_all": {},
            "unique_id": "AROAYS2NXFYOES2NQT5BI"
          },
          "sensitive_attributes": [],
          "private": "bnVsbA==",
          "dependencies": [
            "module.eks_iam_roles.data.aws_caller_identity.current",
            "module.eks_iam_roles.data.aws_iam_policy_document.assume_role_with_oidc",
            "module.eks_iam_roles.data.aws_partition.current"
          ]
        }
      ]
    },
    {
      "module": "module.eks_iam_roles",
      "mode": "managed",
      "type": "aws_iam_role_policy_attachment",
      "name": "custom",
      "provider": "provider[\"registry.terraform.io/hashicorp/aws\"]",
      "instances": [
        {
          "index_key": 0,
          "schema_version": 0,
          "attributes": {
            "id": "EKS-Team-Role-20240326154757585600000002",
            "policy_arn": "arn:aws:iam::aws:policy/AmazonEKSClusterPolicy",
            "role": "EKS-Team-Role"
          },
          "sensitive_attributes": [],
          "private": "bnVsbA==",
          "dependencies": [
            "module.eks_iam_roles.aws_iam_role.this",
            "module.eks_iam_roles.data.aws_caller_identity.current",
            "module.eks_iam_roles.data.aws_iam_policy_document.assume_role_with_oidc",
            "module.eks_iam_roles.data.aws_partition.current"
          ]
        },
        {
          "index_key": 1,
          "schema_version": 0,
          "attributes": {
            "id": "EKS-Team-Role-20240326154757601600000003",
            "policy_arn": "arn:aws:iam::aws:policy/AmazonEKSServicePolicy",
            "role": "EKS-Team-Role"
          },
          "sensitive_attributes": [],
          "private": "bnVsbA==",
          "dependencies": [
            "module.eks_iam_roles.aws_iam_role.this",
            "module.eks_iam_roles.data.aws_caller_identity.current",
            "module.eks_iam_roles.data.aws_iam_policy_document.assume_role_with_oidc",
            "module.eks_iam_roles.data.aws_partition.current"
          ]
        }
      ]
    }
  ],
  "check_results": null
}
